github.com/A7mad-2000as/GoFish v0.0.0-20230619195549-57355e5d536a h1:GVe0rqNZ2GMUyJ9Q2ettGE0MxQi60dTU5seYWwJAZuE=
github.com/A7mad-2000as/GoFish v0.0.0-20230619195549-57355e5d536a/go.mod h1:5HYn98wPcqt+A5ICDBtZeifKcbFuxyXrah5WXhMthk4=
github.com/A7mad-2000as/GoFish v0.0.0-20240120155837-d1c4c0a4c4f3 h1:WJvFqmRMvwX4sV1CivyEdjO6duoyc79xLk5veABnnrg=
github.com/A7mad-2000as/GoFish v0.0.0-20240120155837-d1c4c0a4c4f3/go.mod h1:5HYn98wPcqt+A5ICDBtZeifKcbFuxyXrah5WXhMthk4=
golang.org/x/exp v0.0.0-20230522175609-2e198f4a06a1 h1:k/i9J1pBpvlfR+9QsetwPyERsqu1GIbi967PQMq3Ivc=
golang.org/x/exp v0.0.0-20230522175609-2e198f4a06a1/go.mod h1:V1LtkGg67GoY2N1AnLN78QLrzxkLyJw7RJb1gzOOz9w=
